
Microsoft Visual Studio Solution File, Format Version 12.00
# Visual Studio 15
VisualStudioVersion = 15.0.28307.421
MinimumVisualStudioVersion = 10.0.40219.1
Project("{FAE04EC0-301F-11D3-BF4B-00C04F79EFBC}") = "PythonConsoleProj", "PythonConsoleProj\PythonConsoleProj.csproj", "{A418E4FA-8D22-4A04-8D5F-7FF5B9646DBC}"
EndProject
Global
	GlobalSection(SolutionConfigurationPlatforms) = preSolution
		Debug|Any CPU = Debug|Any CPU
		Release|Any CPU = Release|Any CPU
	EndGlobalSection
	GlobalSection(ProjectConfigurationPlatforms) = postSolution
		{A418E4FA-8D22-4A04-8D5F-7FF5B9646DBC}.Debug|Any CPU.ActiveCfg = Debug|Any CPU
		{A418E4FA-8D22-4A04-8D5F-7FF5B9646DBC}.Debug|Any CPU.Build.0 = Debug|Any CPU
		{A418E4FA-8D22-4A04-8D5F-7FF5B9646DBC}.Release|Any CPU.ActiveCfg = Release|Any CPU
		{A418E4FA-8D22-4A04-8D5F-7FF5B9646DBC}.Release|Any CPU.Build.0 = Release|Any CPU
	EndGlobalSection
	GlobalSection(SolutionProperties) = preSolution
		HideSolutionNode = FALSE
	EndGlobalSection
	GlobalSection(ExtensibilityGlobals) = postSolution
		SolutionGuid = {94A64E1A-C6E7-432F-9547-FA36D7447E43}
	EndGlobalSection
EndGlobal
